{
    "name": "@",
    "requires": true,
    "lockfileVersion": 1,
    "dependencies": {
        "@types/prop-types": {
            "version": "15.7.3",
            "resolved": "https://registry.npm.taobao.org/@types/prop-types/download/@types/prop-types-15.7.3.tgz",
            "integrity": "sha1-KrDV2i5YFflLC51LldHl8kOrLKc=",
            "dev": true
        },
        "@types/react": {
            "version": "16.9.31",
            "resolved": "https://registry.npm.taobao.org/@types/react/download/@types/react-16.9.31.tgz?cache=0&sync_timestamp=1585692316507&other_urls=https%3A%2F%2Fregistry.npm.taobao.org%2F%40types%2Freact%2Fdownload%2F%40types%2Freact-16.9.31.tgz",
            "integrity": "sha1-alQ1KXZsiTTsiolmc3bC5z6eJjY=",
            "dev": true,
            "requires": {
                "@types/prop-types": "*",
                "csstype": "^2.2.0"
            }
        },
        "@types/react-native": {
            "version": "0.62.1",
            "resolved": "https://registry.npm.taobao.org/@types/react-native/download/@types/react-native-0.62.1.tgz",
            "integrity": "sha1-pR1QrehUIKaNWUd4MW7XTlBAB4w=",
            "dev": true,
            "requires": {
                "@types/react": "*"
            }
        },
        "@types/react-native-vector-icons": {
            "version": "6.4.5",
            "resolved": "https://registry.npm.taobao.org/@types/react-native-vector-icons/download/@types/react-native-vector-icons-6.4.5.tgz",
            "integrity": "sha1-dMv8VkvYQ15DrWcoVyoOW0nDNdE=",
            "dev": true,
            "requires": {
                "@types/react": "*",
                "@types/react-native": "*"
            }
        },
        "csstype": {
            "version": "2.6.10",
            "resolved": "https://registry.npm.taobao.org/csstype/download/csstype-2.6.10.tgz?cache=0&sync_timestamp=1585557010149&other_urls=https%3A%2F%2Fregistry.npm.taobao.org%2Fcsstype%2Fdownload%2Fcsstype-2.6.10.tgz",
            "integrity": "sha1-5jr1DmbXwmbttrMpCc/Qqr4Dkos=",
            "dev": true
        }
    }
}
